{
    "_meta": {
        "hash": {
            "sha256": "e388b52d1287c4414a326b5f035e81655687ea0e07e5d8d158f50abc83750ca0"
        },
        "pipfile-spec": 6,
        "requires": {
            "python_version": "3.10"
        },
        "sources": [
            {
                "name": "pypi",
                "url": "https://pypi.org/simple",
                "verify_ssl": true
            }
        ]
    },
    "default": {
        "env": {
            "hashes": [
                "sha256:e07975087b08dd2aea45bf83447c7e21f43cf916bbc2a0722fceb66e54d03935"
            ],
            "index": "pypi",
            "version": "==0.1.0"
        }
    },
    "develop": {}
}
